
Microsoft Visual Studio Solution File, Format Version 12.00
# Visual Studio Version 17
VisualStudioVersion = 17.2.32526.322
MinimumVisualStudioVersion = 10.0.40219.1
Project("{9A19103F-16F7-4668-BE54-9A1E7A4F7556}") = "ConsoleApp4", "ConsoleApp4\ConsoleApp4.csproj", "{859FBE85-0B14-47F4-8095-F6A27123A1F2}"
EndProject
Global
	GlobalSection(SolutionConfigurationPlatforms) = preSolution
		Debug|Any CPU = Debug|Any CPU
		Release|Any CPU = Release|Any CPU
	EndGlobalSection
	GlobalSection(ProjectConfigurationPlatforms) = postSolution
		{859FBE85-0B14-47F4-8095-F6A27123A1F2}.Debug|Any CPU.ActiveCfg = Debug|Any CPU
		{859FBE85-0B14-47F4-8095-F6A27123A1F2}.Debug|Any CPU.Build.0 = Debug|Any CPU
		{859FBE85-0B14-47F4-8095-F6A27123A1F2}.Release|Any CPU.ActiveCfg = Release|Any CPU
		{859FBE85-0B14-47F4-8095-F6A27123A1F2}.Release|Any CPU.Build.0 = Release|Any CPU
	EndGlobalSection
	GlobalSection(SolutionProperties) = preSolution
		HideSolutionNode = FALSE
	EndGlobalSection
	GlobalSection(ExtensibilityGlobals) = postSolution
		SolutionGuid = {7FDCE934-3C9F-4706-90E4-2796EBD6814F}
	EndGlobalSection
EndGlobal
